# This file is automatically @generated by Cargo.
# It is not intended for manual editing.
version = 4

[[package]]
name = "v2-cli"
version = "0.1.0"
dependencies = [
 "v2-core",
]

[[package]]
name = "v2-core"
version = "0.1.0"

[[package]]
name = "v2-server"
version = "0.1.0"
dependencies = [
 "v2-core",
]
